
Microsoft Visual Studio Solution File, Format Version 12.00
# Visual Studio 15
VisualStudioVersion = 15.0.28307.136
MinimumVisualStudioVersion = 10.0.40219.1
Project("{FAE04EC0-301F-11D3-BF4B-00C04F79EFBC}") = "HiFramework", "HiFramework\HiFramework.csproj", "{9ADF7099-D6DA-48DF-B986-DF6AE18193E9}"
EndProject
Project("{FAE04EC0-301F-11D3-BF4B-00C04F79EFBC}") = "HiFramework.Example", "HiFramework.Example\HiFramework.Example.csproj", "{E2BD1023-C97A-4E8F-BB08-88AEC0DC0537}"
EndProject
Project("{FAE04EC0-301F-11D3-BF4B-00C04F79EFBC}") = "HiFramework.Test", "HiFramework.Test\HiFramework.Test.csproj", "{15FF957B-573B-48A0-B1A3-2B518311A86C}"
EndProject
Global
	GlobalSection(SolutionConfigurationPlatforms) = preSolution
		Debug|Any CPU = Debug|Any CPU
		Release|Any CPU = Release|Any CPU
	EndGlobalSection
	GlobalSection(ProjectConfigurationPlatforms) = postSolution
		{9ADF7099-D6DA-48DF-B986-DF6AE18193E9}.Debug|Any CPU.ActiveCfg = Debug|Any CPU
		{9ADF7099-D6DA-48DF-B986-DF6AE18193E9}.Debug|Any CPU.Build.0 = Debug|Any CPU
		{9ADF7099-D6DA-48DF-B986-DF6AE18193E9}.Release|Any CPU.ActiveCfg = Release|Any CPU
		{9ADF7099-D6DA-48DF-B986-DF6AE18193E9}.Release|Any CPU.Build.0 = Release|Any CPU
		{E2BD1023-C97A-4E8F-BB08-88AEC0DC0537}.Debug|Any CPU.ActiveCfg = Debug|Any CPU
		{E2BD1023-C97A-4E8F-BB08-88AEC0DC0537}.Debug|Any CPU.Build.0 = Debug|Any CPU
		{E2BD1023-C97A-4E8F-BB08-88AEC0DC0537}.Release|Any CPU.ActiveCfg = Release|Any CPU
		{E2BD1023-C97A-4E8F-BB08-88AEC0DC0537}.Release|Any CPU.Build.0 = Release|Any CPU
		{15FF957B-573B-48A0-B1A3-2B518311A86C}.Debug|Any CPU.ActiveCfg = Debug|Any CPU
		{15FF957B-573B-48A0-B1A3-2B518311A86C}.Debug|Any CPU.Build.0 = Debug|Any CPU
		{15FF957B-573B-48A0-B1A3-2B518311A86C}.Release|Any CPU.ActiveCfg = Release|Any CPU
		{15FF957B-573B-48A0-B1A3-2B518311A86C}.Release|Any CPU.Build.0 = Release|Any CPU
	EndGlobalSection
	GlobalSection(SolutionProperties) = preSolution
		HideSolutionNode = FALSE
	EndGlobalSection
	GlobalSection(ExtensibilityGlobals) = postSolution
		SolutionGuid = {18EE04A3-437E-47D9-9F0E-925BCD1765CF}
	EndGlobalSection
EndGlobal
